
Microsoft Visual Studio Solution File, Format Version 12.00
# Visual Studio 14
VisualStudioVersion = 14.0.25420.1
MinimumVisualStudioVersion = 10.0.40219.1
Project("{2150E333-8FDC-42A3-9474-1A3956D46DE8}") = "hol_1", "hol_1", "{64D147EE-F175-4946-95EC-AA171CDA5364}"
EndProject
Project("{8BC9CEB8-8B4A-11D0-8D11-00A0C91BC942}") = "control", "hol_1\control\control.vcxproj", "{FBEC4A5A-7C14-4251-A9B9-03959FA5105D}"
EndProject
Project("{2150E333-8FDC-42A3-9474-1A3956D46DE8}") = "inc", "inc", "{1E22FB7D-EA77-47E8-9ECB-CCEF80C4F6CA}"
	ProjectSection(SolutionItems) = preProject
		hol_1\inc\hol.h = hol_1\inc\hol.h
	EndProjectSection
EndProject
Project("{8BC9CEB8-8B4A-11D0-8D11-00A0C91BC942}") = "holfilter", "hol_1\holfilter\holfilter.vcxproj", "{5618B59C-A9C2-4145-9CEE-9779A4F15217}"
EndProject
Project("{2150E333-8FDC-42A3-9474-1A3956D46DE8}") = "hol_2", "hol_2", "{0EAF115E-1F4A-4C16-9169-7304274BDFF4}"
EndProject
Project("{2150E333-8FDC-42A3-9474-1A3956D46DE8}") = "inc", "inc", "{83645755-006A-4C67-9BF8-AD32E89F2B4C}"
	ProjectSection(SolutionItems) = preProject
		hol_2\inc\hol.h = hol_2\inc\hol.h
	EndProjectSection
EndProject
Project("{8BC9CEB8-8B4A-11D0-8D11-00A0C91BC942}") = "control2", "hol_2\control2\control2.vcxproj", "{7426E29C-03D4-41A1-B45A-90BCB95A64B1}"
EndProject
Project("{8BC9CEB8-8B4A-11D0-8D11-00A0C91BC942}") = "holfilter2", "hol_2\holfilter2\holfilter2.vcxproj", "{F1CB457D-D70C-468B-A239-2DB2A46551FC}"
EndProject
Project("{2150E333-8FDC-42A3-9474-1A3956D46DE8}") = "scanner", "scanner", "{478E43E3-9A6C-4ADB-B2C3-192C1AFA7891}"
EndProject
Project("{8BC9CEB8-8B4A-11D0-8D11-00A0C91BC942}") = "scanner", "scanner\filter\scanner.vcxproj", "{CDFBA2B4-F7A9-4910-A226-F558EE7315F5}"
EndProject
Project("{8BC9CEB8-8B4A-11D0-8D11-00A0C91BC942}") = "scanuser", "scanner\user\scanuser.vcxproj", "{85EC78BD-4D8B-4982-B635-9BE16674DD48}"
EndProject
Project("{2150E333-8FDC-42A3-9474-1A3956D46DE8}") = "inc", "inc", "{BBAD995D-006F-445E-8685-1F0B06633742}"
	ProjectSection(SolutionItems) = preProject
		scanner\inc\scanuk.h = scanner\inc\scanuk.h
	EndProjectSection
EndProject
Project("{2150E333-8FDC-42A3-9474-1A3956D46DE8}") = "hol_3", "hol_3", "{150E8B0A-A68F-49AA-9372-32B11B79ED7A}"
EndProject
Project("{8BC9CEB8-8B4A-11D0-8D11-00A0C91BC942}") = "control3", "hol_3\control3\control3.vcxproj", "{942C0819-7DB4-4B11-8EA6-55E3A48C7E6B}"
EndProject
Project("{8BC9CEB8-8B4A-11D0-8D11-00A0C91BC942}") = "holfilter3", "hol_3\holfilter3\holfilter3.vcxproj", "{1A9AA238-DA7A-4C7C-BFA9-211D7A8FDDAA}"
EndProject
Project("{2150E333-8FDC-42A3-9474-1A3956D46DE8}") = "objcallback", "objcallback", "{D6AAA520-2041-48E5-9A25-A9AA9D379929}"
EndProject
Project("{8BC9CEB8-8B4A-11D0-8D11-00A0C91BC942}") = "ObCallbackTest", "obcallback\driver\ObCallbackTest.vcxproj", "{850E3104-6DE2-4FA3-8E53-4CA21A230429}"
EndProject
Project("{8BC9CEB8-8B4A-11D0-8D11-00A0C91BC942}") = "ObCallbackTestCtrl", "obcallback\control\ObCallbackTestCtrl.vcxproj", "{F723CC91-3218-4252-89C1-F7998292C456}"
EndProject
Project("{2150E333-8FDC-42A3-9474-1A3956D46DE8}") = "regcallback", "regcallback", "{BA6BD308-966C-4C93-B2A6-9C15A00460C8}"
EndProject
Project("{8BC9CEB8-8B4A-11D0-8D11-00A0C91BC942}") = "regfltr", "regfltr\sys\regfltr.vcxproj", "{DCD09C78-DEC6-483A-9F5E-2C17D467C4D6}"
EndProject
Project("{8BC9CEB8-8B4A-11D0-8D11-00A0C91BC942}") = "regctrl", "regfltr\exe\regctrl.vcxproj", "{EF1294A9-96EE-458A-B2F2-3B8A4433193E}"
EndProject
Global
	GlobalSection(SolutionConfigurationPlatforms) = preSolution
		Debug|x64 = Debug|x64
		Debug|x86 = Debug|x86
		Release|x64 = Release|x64
		Release|x86 = Release|x86
	EndGlobalSection
	GlobalSection(ProjectConfigurationPlatforms) = postSolution
		{FBEC4A5A-7C14-4251-A9B9-03959FA5105D}.Debug|x64.ActiveCfg = Debug|x64
		{FBEC4A5A-7C14-4251-A9B9-03959FA5105D}.Debug|x64.Build.0 = Debug|x64
		{FBEC4A5A-7C14-4251-A9B9-03959FA5105D}.Debug|x86.ActiveCfg = Debug|Win32
		{FBEC4A5A-7C14-4251-A9B9-03959FA5105D}.Debug|x86.Build.0 = Debug|Win32
		{FBEC4A5A-7C14-4251-A9B9-03959FA5105D}.Release|x64.ActiveCfg = Release|x64
		{FBEC4A5A-7C14-4251-A9B9-03959FA5105D}.Release|x64.Build.0 = Release|x64
		{FBEC4A5A-7C14-4251-A9B9-03959FA5105D}.Release|x86.ActiveCfg = Release|Win32
		{FBEC4A5A-7C14-4251-A9B9-03959FA5105D}.Release|x86.Build.0 = Release|Win32
		{5618B59C-A9C2-4145-9CEE-9779A4F15217}.Debug|x64.ActiveCfg = Debug|x64
		{5618B59C-A9C2-4145-9CEE-9779A4F15217}.Debug|x64.Build.0 = Debug|x64
		{5618B59C-A9C2-4145-9CEE-9779A4F15217}.Debug|x64.Deploy.0 = Debug|x64
		{5618B59C-A9C2-4145-9CEE-9779A4F15217}.Debug|x86.ActiveCfg = Debug|Win32
		{5618B59C-A9C2-4145-9CEE-9779A4F15217}.Debug|x86.Build.0 = Debug|Win32
		{5618B59C-A9C2-4145-9CEE-9779A4F15217}.Debug|x86.Deploy.0 = Debug|Win32
		{5618B59C-A9C2-4145-9CEE-9779A4F15217}.Release|x64.ActiveCfg = Release|x64
		{5618B59C-A9C2-4145-9CEE-9779A4F15217}.Release|x64.Build.0 = Release|x64
		{5618B59C-A9C2-4145-9CEE-9779A4F15217}.Release|x64.Deploy.0 = Release|x64
		{5618B59C-A9C2-4145-9CEE-9779A4F15217}.Release|x86.ActiveCfg = Release|Win32
		{5618B59C-A9C2-4145-9CEE-9779A4F15217}.Release|x86.Build.0 = Release|Win32
		{5618B59C-A9C2-4145-9CEE-9779A4F15217}.Release|x86.Deploy.0 = Release|Win32
		{7426E29C-03D4-41A1-B45A-90BCB95A64B1}.Debug|x64.ActiveCfg = Debug|x64
		{7426E29C-03D4-41A1-B45A-90BCB95A64B1}.Debug|x64.Build.0 = Debug|x64
		{7426E29C-03D4-41A1-B45A-90BCB95A64B1}.Debug|x86.ActiveCfg = Debug|Win32
		{7426E29C-03D4-41A1-B45A-90BCB95A64B1}.Debug|x86.Build.0 = Debug|Win32
		{7426E29C-03D4-41A1-B45A-90BCB95A64B1}.Release|x64.ActiveCfg = Release|x64
		{7426E29C-03D4-41A1-B45A-90BCB95A64B1}.Release|x64.Build.0 = Release|x64
		{7426E29C-03D4-41A1-B45A-90BCB95A64B1}.Release|x86.ActiveCfg = Release|Win32
		{7426E29C-03D4-41A1-B45A-90BCB95A64B1}.Release|x86.Build.0 = Release|Win32
		{F1CB457D-D70C-468B-A239-2DB2A46551FC}.Debug|x64.ActiveCfg = Debug|x64
		{F1CB457D-D70C-468B-A239-2DB2A46551FC}.Debug|x64.Build.0 = Debug|x64
		{F1CB457D-D70C-468B-A239-2DB2A46551FC}.Debug|x64.Deploy.0 = Debug|x64
		{F1CB457D-D70C-468B-A239-2DB2A46551FC}.Debug|x86.ActiveCfg = Debug|Win32
		{F1CB457D-D70C-468B-A239-2DB2A46551FC}.Debug|x86.Build.0 = Debug|Win32
		{F1CB457D-D70C-468B-A239-2DB2A46551FC}.Debug|x86.Deploy.0 = Debug|Win32
		{F1CB457D-D70C-468B-A239-2DB2A46551FC}.Release|x64.ActiveCfg = Release|x64
		{F1CB457D-D70C-468B-A239-2DB2A46551FC}.Release|x64.Build.0 = Release|x64
		{F1CB457D-D70C-468B-A239-2DB2A46551FC}.Release|x64.Deploy.0 = Release|x64
		{F1CB457D-D70C-468B-A239-2DB2A46551FC}.Release|x86.ActiveCfg = Release|Win32
		{F1CB457D-D70C-468B-A239-2DB2A46551FC}.Release|x86.Build.0 = Release|Win32
		{F1CB457D-D70C-468B-A239-2DB2A46551FC}.Release|x86.Deploy.0 = Release|Win32
		{CDFBA2B4-F7A9-4910-A226-F558EE7315F5}.Debug|x64.ActiveCfg = Debug|x64
		{CDFBA2B4-F7A9-4910-A226-F558EE7315F5}.Debug|x64.Build.0 = Debug|x64
		{CDFBA2B4-F7A9-4910-A226-F558EE7315F5}.Debug|x64.Deploy.0 = Debug|x64
		{CDFBA2B4-F7A9-4910-A226-F558EE7315F5}.Debug|x86.ActiveCfg = Debug|Win32
		{CDFBA2B4-F7A9-4910-A226-F558EE7315F5}.Debug|x86.Build.0 = Debug|Win32
		{CDFBA2B4-F7A9-4910-A226-F558EE7315F5}.Debug|x86.Deploy.0 = Debug|Win32
		{CDFBA2B4-F7A9-4910-A226-F558EE7315F5}.Release|x64.ActiveCfg = Release|x64
		{CDFBA2B4-F7A9-4910-A226-F558EE7315F5}.Release|x64.Build.0 = Release|x64
		{CDFBA2B4-F7A9-4910-A226-F558EE7315F5}.Release|x64.Deploy.0 = Release|x64
		{CDFBA2B4-F7A9-4910-A226-F558EE7315F5}.Release|x86.ActiveCfg = Release|Win32
		{CDFBA2B4-F7A9-4910-A226-F558EE7315F5}.Release|x86.Build.0 = Release|Win32
		{CDFBA2B4-F7A9-4910-A226-F558EE7315F5}.Release|x86.Deploy.0 = Release|Win32
		{85EC78BD-4D8B-4982-B635-9BE16674DD48}.Debug|x64.ActiveCfg = Debug|x64
		{85EC78BD-4D8B-4982-B635-9BE16674DD48}.Debug|x64.Build.0 = Debug|x64
		{85EC78BD-4D8B-4982-B635-9BE16674DD48}.Debug|x86.ActiveCfg = Debug|Win32
		{85EC78BD-4D8B-4982-B635-9BE16674DD48}.Debug|x86.Build.0 = Debug|Win32
		{85EC78BD-4D8B-4982-B635-9BE16674DD48}.Release|x64.ActiveCfg = Release|x64
		{85EC78BD-4D8B-4982-B635-9BE16674DD48}.Release|x64.Build.0 = Release|x64
		{85EC78BD-4D8B-4982-B635-9BE16674DD48}.Release|x86.ActiveCfg = Release|Win32
		{85EC78BD-4D8B-4982-B635-9BE16674DD48}.Release|x86.Build.0 = Release|Win32
		{942C0819-7DB4-4B11-8EA6-55E3A48C7E6B}.Debug|x64.ActiveCfg = Debug|x64
		{942C0819-7DB4-4B11-8EA6-55E3A48C7E6B}.Debug|x64.Build.0 = Debug|x64
		{942C0819-7DB4-4B11-8EA6-55E3A48C7E6B}.Debug|x86.ActiveCfg = Debug|Win32
		{942C0819-7DB4-4B11-8EA6-55E3A48C7E6B}.Debug|x86.Build.0 = Debug|Win32
		{942C0819-7DB4-4B11-8EA6-55E3A48C7E6B}.Release|x64.ActiveCfg = Release|x64
		{942C0819-7DB4-4B11-8EA6-55E3A48C7E6B}.Release|x64.Build.0 = Release|x64
		{942C0819-7DB4-4B11-8EA6-55E3A48C7E6B}.Release|x86.ActiveCfg = Release|Win32
		{942C0819-7DB4-4B11-8EA6-55E3A48C7E6B}.Release|x86.Build.0 = Release|Win32
		{1A9AA238-DA7A-4C7C-BFA9-211D7A8FDDAA}.Debug|x64.ActiveCfg = Debug|x64
		{1A9AA238-DA7A-4C7C-BFA9-211D7A8FDDAA}.Debug|x64.Build.0 = Debug|x64
		{1A9AA238-DA7A-4C7C-BFA9-211D7A8FDDAA}.Debug|x64.Deploy.0 = Debug|x64
		{1A9AA238-DA7A-4C7C-BFA9-211D7A8FDDAA}.Debug|x86.ActiveCfg = Debug|Win32
		{1A9AA238-DA7A-4C7C-BFA9-211D7A8FDDAA}.Debug|x86.Build.0 = Debug|Win32
		{1A9AA238-DA7A-4C7C-BFA9-211D7A8FDDAA}.Debug|x86.Deploy.0 = Debug|Win32
		{1A9AA238-DA7A-4C7C-BFA9-211D7A8FDDAA}.Release|x64.ActiveCfg = Release|x64
		{1A9AA238-DA7A-4C7C-BFA9-211D7A8FDDAA}.Release|x64.Build.0 = Release|x64
		{1A9AA238-DA7A-4C7C-BFA9-211D7A8FDDAA}.Release|x64.Deploy.0 = Release|x64
		{1A9AA238-DA7A-4C7C-BFA9-211D7A8FDDAA}.Release|x86.ActiveCfg = Release|Win32
		{1A9AA238-DA7A-4C7C-BFA9-211D7A8FDDAA}.Release|x86.Build.0 = Release|Win32
		{1A9AA238-DA7A-4C7C-BFA9-211D7A8FDDAA}.Release|x86.Deploy.0 = Release|Win32
		{850E3104-6DE2-4FA3-8E53-4CA21A230429}.Debug|x64.ActiveCfg = Debug|x64
		{850E3104-6DE2-4FA3-8E53-4CA21A230429}.Debug|x64.Build.0 = Debug|x64
		{850E3104-6DE2-4FA3-8E53-4CA21A230429}.Debug|x64.Deploy.0 = Debug|x64
		{850E3104-6DE2-4FA3-8E53-4CA21A230429}.Debug|x86.ActiveCfg = Debug|Win32
		{850E3104-6DE2-4FA3-8E53-4CA21A230429}.Debug|x86.Build.0 = Debug|Win32
		{850E3104-6DE2-4FA3-8E53-4CA21A230429}.Debug|x86.Deploy.0 = Debug|Win32
		{850E3104-6DE2-4FA3-8E53-4CA21A230429}.Release|x64.ActiveCfg = Release|x64
		{850E3104-6DE2-4FA3-8E53-4CA21A230429}.Release|x64.Build.0 = Release|x64
		{850E3104-6DE2-4FA3-8E53-4CA21A230429}.Release|x64.Deploy.0 = Release|x64
		{850E3104-6DE2-4FA3-8E53-4CA21A230429}.Release|x86.ActiveCfg = Release|Win32
		{850E3104-6DE2-4FA3-8E53-4CA21A230429}.Release|x86.Build.0 = Release|Win32
		{850E3104-6DE2-4FA3-8E53-4CA21A230429}.Release|x86.Deploy.0 = Release|Win32
		{F723CC91-3218-4252-89C1-F7998292C456}.Debug|x64.ActiveCfg = Debug|x64
		{F723CC91-3218-4252-89C1-F7998292C456}.Debug|x64.Build.0 = Debug|x64
		{F723CC91-3218-4252-89C1-F7998292C456}.Debug|x86.ActiveCfg = Debug|Win32
		{F723CC91-3218-4252-89C1-F7998292C456}.Debug|x86.Build.0 = Debug|Win32
		{F723CC91-3218-4252-89C1-F7998292C456}.Release|x64.ActiveCfg = Release|x64
		{F723CC91-3218-4252-89C1-F7998292C456}.Release|x64.Build.0 = Release|x64
		{F723CC91-3218-4252-89C1-F7998292C456}.Release|x86.ActiveCfg = Release|Win32
		{F723CC91-3218-4252-89C1-F7998292C456}.Release|x86.Build.0 = Release|Win32
		{DCD09C78-DEC6-483A-9F5E-2C17D467C4D6}.Debug|x64.ActiveCfg = Debug|x64
		{DCD09C78-DEC6-483A-9F5E-2C17D467C4D6}.Debug|x64.Build.0 = Debug|x64
		{DCD09C78-DEC6-483A-9F5E-2C17D467C4D6}.Debug|x64.Deploy.0 = Debug|x64
		{DCD09C78-DEC6-483A-9F5E-2C17D467C4D6}.Debug|x86.ActiveCfg = Debug|Win32
		{DCD09C78-DEC6-483A-9F5E-2C17D467C4D6}.Debug|x86.Build.0 = Debug|Win32
		{DCD09C78-DEC6-483A-9F5E-2C17D467C4D6}.Debug|x86.Deploy.0 = Debug|Win32
		{DCD09C78-DEC6-483A-9F5E-2C17D467C4D6}.Release|x64.ActiveCfg = Release|x64
		{DCD09C78-DEC6-483A-9F5E-2C17D467C4D6}.Release|x64.Build.0 = Release|x64
		{DCD09C78-DEC6-483A-9F5E-2C17D467C4D6}.Release|x64.Deploy.0 = Release|x64
		{DCD09C78-DEC6-483A-9F5E-2C17D467C4D6}.Release|x86.ActiveCfg = Release|Win32
		{DCD09C78-DEC6-483A-9F5E-2C17D467C4D6}.Release|x86.Build.0 = Release|Win32
		{DCD09C78-DEC6-483A-9F5E-2C17D467C4D6}.Release|x86.Deploy.0 = Release|Win32
		{EF1294A9-96EE-458A-B2F2-3B8A4433193E}.Debug|x64.ActiveCfg = Debug|x64
		{EF1294A9-96EE-458A-B2F2-3B8A4433193E}.Debug|x64.Build.0 = Debug|x64
		{EF1294A9-96EE-458A-B2F2-3B8A4433193E}.Debug|x86.ActiveCfg = Debug|Win32
		{EF1294A9-96EE-458A-B2F2-3B8A4433193E}.Debug|x86.Build.0 = Debug|Win32
		{EF1294A9-96EE-458A-B2F2-3B8A4433193E}.Release|x64.ActiveCfg = Release|x64
		{EF1294A9-96EE-458A-B2F2-3B8A4433193E}.Release|x64.Build.0 = Release|x64
		{EF1294A9-96EE-458A-B2F2-3B8A4433193E}.Release|x86.ActiveCfg = Release|Win32
		{EF1294A9-96EE-458A-B2F2-3B8A4433193E}.Release|x86.Build.0 = Release|Win32
	EndGlobalSection
	GlobalSection(SolutionProperties) = preSolution
		HideSolutionNode = FALSE
	EndGlobalSection
	GlobalSection(NestedProjects) = preSolution
		{FBEC4A5A-7C14-4251-A9B9-03959FA5105D} = {64D147EE-F175-4946-95EC-AA171CDA5364}
		{1E22FB7D-EA77-47E8-9ECB-CCEF80C4F6CA} = {64D147EE-F175-4946-95EC-AA171CDA5364}
		{5618B59C-A9C2-4145-9CEE-9779A4F15217} = {64D147EE-F175-4946-95EC-AA171CDA5364}
		{83645755-006A-4C67-9BF8-AD32E89F2B4C} = {0EAF115E-1F4A-4C16-9169-7304274BDFF4}
		{7426E29C-03D4-41A1-B45A-90BCB95A64B1} = {0EAF115E-1F4A-4C16-9169-7304274BDFF4}
		{F1CB457D-D70C-468B-A239-2DB2A46551FC} = {0EAF115E-1F4A-4C16-9169-7304274BDFF4}
		{CDFBA2B4-F7A9-4910-A226-F558EE7315F5} = {478E43E3-9A6C-4ADB-B2C3-192C1AFA7891}
		{85EC78BD-4D8B-4982-B635-9BE16674DD48} = {478E43E3-9A6C-4ADB-B2C3-192C1AFA7891}
		{BBAD995D-006F-445E-8685-1F0B06633742} = {478E43E3-9A6C-4ADB-B2C3-192C1AFA7891}
		{942C0819-7DB4-4B11-8EA6-55E3A48C7E6B} = {150E8B0A-A68F-49AA-9372-32B11B79ED7A}
		{1A9AA238-DA7A-4C7C-BFA9-211D7A8FDDAA} = {150E8B0A-A68F-49AA-9372-32B11B79ED7A}
		{850E3104-6DE2-4FA3-8E53-4CA21A230429} = {D6AAA520-2041-48E5-9A25-A9AA9D379929}
		{F723CC91-3218-4252-89C1-F7998292C456} = {D6AAA520-2041-48E5-9A25-A9AA9D379929}
		{DCD09C78-DEC6-483A-9F5E-2C17D467C4D6} = {BA6BD308-966C-4C93-B2A6-9C15A00460C8}
		{EF1294A9-96EE-458A-B2F2-3B8A4433193E} = {BA6BD308-966C-4C93-B2A6-9C15A00460C8}
	EndGlobalSection
EndGlobal
